
Microsoft Visual Studio Solution File, Format Version 12.00
# Visual Studio Version 16
VisualStudioVersion = 16.0.30503.244
MinimumVisualStudioVersion = 10.0.40219.1
Project("{FAE04EC0-301F-11D3-BF4B-00C04F79EFBC}") = "Test 5", "Test 5\Test 5.csproj", "{44A127A5-994A-4325-8458-324394C56FAD}"
EndProject
Project("{FAE04EC0-301F-11D3-BF4B-00C04F79EFBC}") = "Lab1_16", "Lab1_16\Lab1_16.csproj", "{D5FE948A-A81A-4191-9D91-DF5A8CCF5C1D}"
EndProject
Project("{FAE04EC0-301F-11D3-BF4B-00C04F79EFBC}") = "Lab_1", "Lab_1\Lab_1.csproj", "{08FB11E6-3630-4FDD-91C8-D519D9051472}"
EndProject
Project("{FAE04EC0-301F-11D3-BF4B-00C04F79EFBC}") = "Test 1", "Test 1\Test 1.csproj", "{0181BC4C-75EA-40F1-8B28-18F721316287}"
EndProject
Project("{FAE04EC0-301F-11D3-BF4B-00C04F79EFBC}") = "AsyncTask", "AsyncTask\AsyncTask.csproj", "{0F0606AA-5304-45E8-A26B-02306D53429B}"
EndProject
Global
	GlobalSection(SolutionConfigurationPlatforms) = preSolution
		Debug|Any CPU = Debug|Any CPU
		Release|Any CPU = Release|Any CPU
	EndGlobalSection
	GlobalSection(ProjectConfigurationPlatforms) = postSolution
		{44A127A5-994A-4325-8458-324394C56FAD}.Debug|Any CPU.ActiveCfg = Debug|Any CPU
		{44A127A5-994A-4325-8458-324394C56FAD}.Debug|Any CPU.Build.0 = Debug|Any CPU
		{44A127A5-994A-4325-8458-324394C56FAD}.Release|Any CPU.ActiveCfg = Release|Any CPU
		{44A127A5-994A-4325-8458-324394C56FAD}.Release|Any CPU.Build.0 = Release|Any CPU
		{D5FE948A-A81A-4191-9D91-DF5A8CCF5C1D}.Debug|Any CPU.ActiveCfg = Debug|Any CPU
		{D5FE948A-A81A-4191-9D91-DF5A8CCF5C1D}.Debug|Any CPU.Build.0 = Debug|Any CPU
		{D5FE948A-A81A-4191-9D91-DF5A8CCF5C1D}.Release|Any CPU.ActiveCfg = Release|Any CPU
		{D5FE948A-A81A-4191-9D91-DF5A8CCF5C1D}.Release|Any CPU.Build.0 = Release|Any CPU
		{08FB11E6-3630-4FDD-91C8-D519D9051472}.Debug|Any CPU.ActiveCfg = Debug|Any CPU
		{08FB11E6-3630-4FDD-91C8-D519D9051472}.Debug|Any CPU.Build.0 = Debug|Any CPU
		{08FB11E6-3630-4FDD-91C8-D519D9051472}.Release|Any CPU.ActiveCfg = Release|Any CPU
		{08FB11E6-3630-4FDD-91C8-D519D9051472}.Release|Any CPU.Build.0 = Release|Any CPU
		{0181BC4C-75EA-40F1-8B28-18F721316287}.Debug|Any CPU.ActiveCfg = Debug|Any CPU
		{0181BC4C-75EA-40F1-8B28-18F721316287}.Debug|Any CPU.Build.0 = Debug|Any CPU
		{0181BC4C-75EA-40F1-8B28-18F721316287}.Release|Any CPU.ActiveCfg = Release|Any CPU
		{0181BC4C-75EA-40F1-8B28-18F721316287}.Release|Any CPU.Build.0 = Release|Any CPU
		{0F0606AA-5304-45E8-A26B-02306D53429B}.Debug|Any CPU.ActiveCfg = Debug|Any CPU
		{0F0606AA-5304-45E8-A26B-02306D53429B}.Debug|Any CPU.Build.0 = Debug|Any CPU
		{0F0606AA-5304-45E8-A26B-02306D53429B}.Release|Any CPU.ActiveCfg = Release|Any CPU
		{0F0606AA-5304-45E8-A26B-02306D53429B}.Release|Any CPU.Build.0 = Release|Any CPU
	EndGlobalSection
	GlobalSection(SolutionProperties) = preSolution
		HideSolutionNode = FALSE
	EndGlobalSection
	GlobalSection(ExtensibilityGlobals) = postSolution
		SolutionGuid = {95DFEE66-13F9-414C-90A5-6A926B5A99CE}
	EndGlobalSection
EndGlobal
